// !$*UTF8*$!
{
	archiveVersion = 1;
	classes = {
	};
	objectVersion = 55;
	objects = {

/* Begin PBXBuildFile section */
		56C6D47EE1C41DE650AAE53E /* Pods_GBWebRTC.framework in Frameworks */ = {isa = PBXBuildFile; fileRef = 6B47E73D3ECFCE8D78DB1D73 /* Pods_GBWebRTC.framework */; };
		B3890A0027872FCA0061E847 /* GBWebRTC.swift in Sources */ = {isa = PBXBuildFile; fileRef = B38909FF27872FCA0061E847 /* GBWebRTC.swift */; };
		B3B660D72787289300DCE420 /* GBWebRTC.docc in Sources */ = {isa = PBXBuildFile; fileRef = B3B660D62787289300DCE420 /* GBWebRTC.docc */; };
		B3B660DD2787289300DCE420 /* GBWebRTC.framework in Frameworks */ = {isa = PBXBuildFile; fileRef = B3B660D22787289300DCE420 /* GBWebRTC.framework */; };
		B3B660E22787289300DCE420 /* GBWebRTCTests.swift in Sources */ = {isa = PBXBuildFile; fileRef = B3B660E12787289300DCE420 /* GBWebRTCTests.swift */; };
		B3B660E32787289300DCE420 /* GBWebRTC.h in Headers */ = {isa = PBXBuildFile; fileRef = B3B660D52787289300DCE420 /* GBWebRTC.h */; settings = {ATTRIBUTES = (Public, ); }; };
		F10C742D7770EE60F3A176CD /* Pods_GBWebRTC_GBWebRTCTests.framework in Frameworks */ = {isa = PBXBuildFile; fileRef = DA59EAC27010F5139DF1E01B /* Pods_GBWebRTC_GBWebRTCTests.framework */; };
/* End PBXBuildFile section */

/* Begin PBXContainerItemProxy section */
		B3B660DE2787289300DCE420 /* PBXContainerItemProxy */ = {
			isa = PBXContainerItemProxy;
			containerPortal = B3B660C92787289300DCE420 /* Project object */;
			proxyType = 1;
			remoteGlobalIDString = B3B660D12787289300DCE420;
			remoteInfo = GBWebRTC;
		};
/* End PBXContainerItemProxy section */

/* Begin PBXFileReference section */
		2D54B40C0F41C7393B90C4DE /* Pods-GBWebRTC.release.xcconfig */ = {isa = PBXFileReference; includeInIndex = 1; lastKnownFileType = text.xcconfig; name = "Pods-GBWebRTC.release.xcconfig"; path = "Target Support Files/Pods-GBWebRTC/Pods-GBWebRTC.release.xcconfig"; sourceTree = "<group>"; };
		6B47E73D3ECFCE8D78DB1D73 /* Pods_GBWebRTC.framework */ = {isa = PBXFileReference; explicitFileType = wrapper.framework; includeInIndex = 0; path = Pods_GBWebRTC.framework; sourceTree = BUILT_PRODUCTS_DIR; };
		A38F523CDC053FE50CCD01C0 /* Pods-GBWebRTC-GBWebRTCTests.debug.xcconfig */ = {isa = PBXFileReference; includeInIndex = 1; lastKnownFileType = text.xcconfig; name = "Pods-GBWebRTC-GBWebRTCTests.debug.xcconfig"; path = "Target Support Files/Pods-GBWebRTC-GBWebRTCTests/Pods-GBWebRTC-GBWebRTCTests.debug.xcconfig"; sourceTree = "<group>"; };
		B38909FF27872FCA0061E847 /* GBWebRTC.swift */ = {isa = PBXFileReference; lastKnownFileType = sourcecode.swift; path = GBWebRTC.swift; sourceTree = "<group>"; };
		B3890A01278733660061E847 /* Package.swift */ = {isa = PBXFileReference; lastKnownFileType = sourcecode.swift; path = Package.swift; sourceTree = "<group>"; };
		B3B660D22787289300DCE420 /* GBWebRTC.framework */ = {isa = PBXFileReference; explicitFileType = wrapper.framework; includeInIndex = 0; path = GBWebRTC.framework; sourceTree = BUILT_PRODUCTS_DIR; };
		B3B660D52787289300DCE420 /* GBWebRTC.h */ = {isa = PBXFileReference; lastKnownFileType = sourcecode.c.h; path = GBWebRTC.h; sourceTree = "<group>"; };
		B3B660D62787289300DCE420 /* GBWebRTC.docc */ = {isa = PBXFileReference; lastKnownFileType = folder.documentationcatalog; path = GBWebRTC.docc; sourceTree = "<group>"; };
		B3B660DC2787289300DCE420 /* GBWebRTCTests.xctest */ = {isa = PBXFileReference; explicitFileType = wrapper.cfbundle; includeInIndex = 0; path = GBWebRTCTests.xctest; sourceTree = BUILT_PRODUCTS_DIR; };
		B3B660E12787289300DCE420 /* GBWebRTCTests.swift */ = {isa = PBXFileReference; lastKnownFileType = sourcecode.swift; path = GBWebRTCTests.swift; sourceTree = "<group>"; };
		C18E9CCB648775D626848273 /* Pods-GBWebRTC.debug.xcconfig */ = {isa = PBXFileReference; includeInIndex = 1; lastKnownFileType = text.xcconfig; name = "Pods-GBWebRTC.debug.xcconfig"; path = "Target Support Files/Pods-GBWebRTC/Pods-GBWebRTC.debug.xcconfig"; sourceTree = "<group>"; };
		DA59EAC27010F5139DF1E01B /* Pods_GBWebRTC_GBWebRTCTests.framework */ = {isa = PBXFileReference; explicitFileType = wrapper.framework; includeInIndex = 0; path = Pods_GBWebRTC_GBWebRTCTests.framework; sourceTree = BUILT_PRODUCTS_DIR; };
		F8331CA24786DF7C893AF2C9 /* Pods-GBWebRTC-GBWebRTCTests.release.xcconfig */ = {isa = PBXFileReference; includeInIndex = 1; lastKnownFileType = text.xcconfig; name = "Pods-GBWebRTC-GBWebRTCTests.release.xcconfig"; path = "Target Support Files/Pods-GBWebRTC-GBWebRTCTests/Pods-GBWebRTC-GBWebRTCTests.release.xcconfig"; sourceTree = "<group>"; };
/* End PBXFileReference section */

/* Begin PBXFrameworksBuildPhase section */
		B3B660CF2787289300DCE420 /* Frameworks */ = {
			isa = PBXFrameworksBuildPhase;
			buildActionMask = 2147483647;
			files = (
				56C6D47EE1C41DE650AAE53E /* Pods_GBWebRTC.framework in Frameworks */,
			);
			runOnlyForDeploymentPostprocessing = 0;
		};
		B3B660D92787289300DCE420 /* Frameworks */ = {
			isa = PBXFrameworksBuildPhase;
			buildActionMask = 2147483647;
			files = (
				B3B660DD2787289300DCE420 /* GBWebRTC.framework in Frameworks */,
				F10C742D7770EE60F3A176CD /* Pods_GBWebRTC_GBWebRTCTests.framework in Frameworks */,
			);
			runOnlyForDeploymentPostprocessing = 0;
		};
/* End PBXFrameworksBuildPhase section */

/* Begin PBXGroup section */
		41992CEF061D5C2476580132 /* Pods */ = {
			isa = PBXGroup;
			children = (
				C18E9CCB648775D626848273 /* Pods-GBWebRTC.debug.xcconfig */,
				2D54B40C0F41C7393B90C4DE /* Pods-GBWebRTC.release.xcconfig */,
				A38F523CDC053FE50CCD01C0 /* Pods-GBWebRTC-GBWebRTCTests.debug.xcconfig */,
				F8331CA24786DF7C893AF2C9 /* Pods-GBWebRTC-GBWebRTCTests.release.xcconfig */,
			);
			name = Pods;
			path = Pods;
			sourceTree = "<group>";
		};
		B3B660C82787289300DCE420 = {
			isa = PBXGroup;
			children = (
				B3890A01278733660061E847 /* Package.swift */,
				B3B660D42787289300DCE420 /* GBWebRTC */,
				B3B660E02787289300DCE420 /* GBWebRTCTests */,
				B3B660D32787289300DCE420 /* Products */,
				41992CEF061D5C2476580132 /* Pods */,
				BD56C2A056A026CD204C832D /* Frameworks */,
			);
			sourceTree = "<group>";
		};
		B3B660D32787289300DCE420 /* Products */ = {
			isa = PBXGroup;
			children = (
				B3B660D22787289300DCE420 /* GBWebRTC.framework */,
				B3B660DC2787289300DCE420 /* GBWebRTCTests.xctest */,
			);
			name = Products;
			sourceTree = "<group>";
		};
		B3B660D42787289300DCE420 /* GBWebRTC */ = {
			isa = PBXGroup;
			children = (
				B3B660D52787289300DCE420 /* GBWebRTC.h */,
				B3B660D62787289300DCE420 /* GBWebRTC.docc */,
				B38909FF27872FCA0061E847 /* GBWebRTC.swift */,
			);
			path = GBWebRTC;
			sourceTree = "<group>";
		};
		B3B660E02787289300DCE420 /* GBWebRTCTests */ = {
			isa = PBXGroup;
			children = (
				B3B660E12787289300DCE420 /* GBWebRTCTests.swift */,
			);
			path = GBWebRTCTests;
			sourceTree = "<group>";
		};
		BD56C2A056A026CD204C832D /* Frameworks */ = {
			isa = PBXGroup;
			children = (
				6B47E73D3ECFCE8D78DB1D73 /* Pods_GBWebRTC.framework */,
				DA59EAC27010F5139DF1E01B /* Pods_GBWebRTC_GBWebRTCTests.framework */,
			);
			name = Frameworks;
			sourceTree = "<group>";
		};
/* End PBXGroup section */

/* Begin PBXHeadersBuildPhase section */
		B3B660CD2787289300DCE420 /* Headers */ = {
			isa = PBXHeadersBuildPhase;
			buildActionMask = 2147483647;
			files = (
				B3B660E32787289300DCE420 /* GBWebRTC.h in Headers */,
			);
			runOnlyForDeploymentPostprocessing = 0;
		};
/* End PBXHeadersBuildPhase section */

/* Begin PBXNativeTarget section */
		B3B660D12787289300DCE420 /* GBWebRTC */ = {
			isa = PBXNativeTarget;
			buildConfigurationList = B3B660E62787289300DCE420 /* Build configuration list for PBXNativeTarget "GBWebRTC" */;
			buildPhases = (
				827758AD1B4C693E0B767DD0 /* [CP] Check Pods Manifest.lock */,
				B3B660CD2787289300DCE420 /* Headers */,
				B3B660CE2787289300DCE420 /* Sources */,
				B3B660CF2787289300DCE420 /* Frameworks */,
				B3B660D02787289300DCE420 /* Resources */,
			);
			buildRules = (
			);
			dependencies = (
			);
			name = GBWebRTC;
			productName = GBWebRTC;
			productReference = B3B660D22787289300DCE420 /* GBWebRTC.framework */;
			productType = "com.apple.product-type.framework";
		};
		B3B660DB2787289300DCE420 /* GBWebRTCTests */ = {
			isa = PBXNativeTarget;
			buildConfigurationList = B3B660E92787289300DCE420 /* Build configuration list for PBXNativeTarget "GBWebRTCTests" */;
			buildPhases = (
				166F68473831EE3623942849 /* [CP] Check Pods Manifest.lock */,
				B3B660D82787289300DCE420 /* Sources */,
				B3B660D92787289300DCE420 /* Frameworks */,
				B3B660DA2787289300DCE420 /* Resources */,
				86839746513653144696B41D /* [CP] Embed Pods Frameworks */,
			);
			buildRules = (
			);
			dependencies = (
				B3B660DF2787289300DCE420 /* PBXTargetDependency */,
			);
			name = GBWebRTCTests;
			productName = GBWebRTCTests;
			productReference = B3B660DC2787289300DCE420 /* GBWebRTCTests.xctest */;
			productType = "com.apple.product-type.bundle.unit-test";
		};
/* End PBXNativeTarget section */

/* Begin PBXProject section */
		B3B660C92787289300DCE420 /* Project object */ = {
			isa = PBXProject;
			attributes = {
				BuildIndependentTargetsInParallel = 1;
				LastSwiftUpdateCheck = 1300;
				LastUpgradeCheck = 1300;
				TargetAttributes = {
					B3B660D12787289300DCE420 = {
						CreatedOnToolsVersion = 13.0;
					};
					B3B660DB2787289300DCE420 = {
						CreatedOnToolsVersion = 13.0;
					};
				};
			};
			buildConfigurationList = B3B660CC2787289300DCE420 /* Build configuration list for PBXProject "GBWebRTC" */;
			compatibilityVersion = "Xcode 13.0";
			developmentRegion = en;
			hasScannedForEncodings = 0;
			knownRegions = (
				en,
				Base,
			);
			mainGroup = B3B660C82787289300DCE420;
			productRefGroup = B3B660D32787289300DCE420 /* Products */;
			projectDirPath = "";
			projectRoot = "";
			targets = (
				B3B660D12787289300DCE420 /* GBWebRTC */,
				B3B660DB2787289300DCE420 /* GBWebRTCTests */,
			);
		};
/* End PBXProject section */

/* Begin PBXResourcesBuildPhase section */
		B3B660D02787289300DCE420 /* Resources */ = {
			isa = PBXResourcesBuildPhase;
			buildActionMask = 2147483647;
			files = (
			);
			runOnlyForDeploymentPostprocessing = 0;
		};
		B3B660DA2787289300DCE420 /* Resources */ = {
			isa = PBXResourcesBuildPhase;
			buildActionMask = 2147483647;
			files = (
			);
			runOnlyForDeploymentPostprocessing = 0;
		};
/* End PBXResourcesBuildPhase section */

/* Begin PBXShellScriptBuildPhase section */
		166F68473831EE3623942849 /* [CP] Check Pods Manifest.lock */ = {
			isa = PBXShellScriptBuildPhase;
			buildActionMask = 2147483647;
			files = (
			);
			inputFileListPaths = (
			);
			inputPaths = (
				"${PODS_PODFILE_DIR_PATH}/Podfile.lock",
				"${PODS_ROOT}/Manifest.lock",
			);
			name = "[CP] Check Pods Manifest.lock";
			outputFileListPaths = (
			);
			outputPaths = (
				"$(DERIVED_FILE_DIR)/Pods-GBWebRTC-GBWebRTCTests-checkManifestLockResult.txt",
			);
			runOnlyForDeploymentPostprocessing = 0;
			shellPath = /bin/sh;
			shellScript = "diff \"${PODS_PODFILE_DIR_PATH}/Podfile.lock\" \"${PODS_ROOT}/Manifest.lock\" > /dev/null\nif [ $? != 0 ] ; then\n    # print error to STDERR\n    echo \"error: The sandbox is not in sync with the Podfile.lock. Run 'pod install' or update your CocoaPods installation.\" >&2\n    exit 1\nfi\n# This output is used by Xcode 'outputs' to avoid re-running this script phase.\necho \"SUCCESS\" > \"${SCRIPT_OUTPUT_FILE_0}\"\n";
			showEnvVarsInLog = 0;
		};
		827758AD1B4C693E0B767DD0 /* [CP] Check Pods Manifest.lock */ = {
			isa = PBXShellScriptBuildPhase;
			buildActionMask = 2147483647;
			files = (
			);
			inputFileListPaths = (
			);
			inputPaths = (
				"${PODS_PODFILE_DIR_PATH}/Podfile.lock",
				"${PODS_ROOT}/Manifest.lock",
			);
			name = "[CP] Check Pods Manifest.lock";
			outputFileListPaths = (
			);
			outputPaths = (
				"$(DERIVED_FILE_DIR)/Pods-GBWebRTC-checkManifestLockResult.txt",
			);
			runOnlyForDeploymentPostprocessing = 0;
			shellPath = /bin/sh;
			shellScript = "diff \"${PODS_PODFILE_DIR_PATH}/Podfile.lock\" \"${PODS_ROOT}/Manifest.lock\" > /dev/null\nif [ $? != 0 ] ; then\n    # print error to STDERR\n    echo \"error: The sandbox is not in sync with the Podfile.lock. Run 'pod install' or update your CocoaPods installation.\" >&2\n    exit 1\nfi\n# This output is used by Xcode 'outputs' to avoid re-running this script phase.\necho \"SUCCESS\" > \"${SCRIPT_OUTPUT_FILE_0}\"\n";
			showEnvVarsInLog = 0;
		};
		86839746513653144696B41D /* [CP] Embed Pods Frameworks */ = {
			isa = PBXShellScriptBuildPhase;
			buildActionMask = 2147483647;
			files = (
			);
			inputFileListPaths = (
				"${PODS_ROOT}/Target Support Files/Pods-GBWebRTC-GBWebRTCTests/Pods-GBWebRTC-GBWebRTCTests-frameworks-${CONFIGURATION}-input-files.xcfilelist",
			);
			name = "[CP] Embed Pods Frameworks";
			outputFileListPaths = (
				"${PODS_ROOT}/Target Support Files/Pods-GBWebRTC-GBWebRTCTests/Pods-GBWebRTC-GBWebRTCTests-frameworks-${CONFIGURATION}-output-files.xcfilelist",
			);
			runOnlyForDeploymentPostprocessing = 0;
			shellPath = /bin/sh;
			shellScript = "\"${PODS_ROOT}/Target Support Files/Pods-GBWebRTC-GBWebRTCTests/Pods-GBWebRTC-GBWebRTCTests-frameworks.sh\"\n";
			showEnvVarsInLog = 0;
		};
/* End PBXShellScriptBuildPhase section */

/* Begin PBXSourcesBuildPhase section */
		B3B660CE2787289300DCE420 /* Sources */ = {
			isa = PBXSourcesBuildPhase;
			buildActionMask = 2147483647;
			files = (
				B3B660D72787289300DCE420 /* GBWebRTC.docc in Sources */,
				B3890A0027872FCA0061E847 /* GBWebRTC.swift in Sources */,
			);
			runOnlyForDeploymentPostprocessing = 0;
		};
		B3B660D82787289300DCE420 /* Sources */ = {
			isa = PBXSourcesBuildPhase;
			buildActionMask = 2147483647;
			files = (
				B3B660E22787289300DCE420 /* GBWebRTCTests.swift in Sources */,
			);
			runOnlyForDeploymentPostprocessing = 0;
		};
/* End PBXSourcesBuildPhase section */

/* Begin PBXTargetDependency section */
		B3B660DF2787289300DCE420 /* PBXTargetDependency */ = {
			isa = PBXTargetDependency;
			target = B3B660D12787289300DCE420 /* GBWebRTC */;
			targetProxy = B3B660DE2787289300DCE420 /* PBXContainerItemProxy */;
		};
/* End PBXTargetDependency section */

/* Begin XCBuildConfiguration section */
		B3B660E42787289300DCE420 /* Debug */ = {
			isa = XCBuildConfiguration;
			buildSettings = {
				ALWAYS_SEARCH_USER_PATHS = NO;
				CLANG_ANALYZER_NONNULL = YES;
				CLANG_ANALYZER_NUMBER_OBJECT_CONVERSION = YES_AGGRESSIVE;
				CLANG_CXX_LANGUAGE_STANDARD = "gnu++17";
				CLANG_CXX_LIBRARY = "libc++";
				CLANG_ENABLE_MODULES = YES;
				CLANG_ENABLE_OBJC_ARC = YES;
				CLANG_ENABLE_OBJC_WEAK = YES;
				CLANG_WARN_BLOCK_CAPTURE_AUTORELEASING = YES;
				CLANG_WARN_BOOL_CONVERSION = YES;
				CLANG_WARN_COMMA = YES;
				CLANG_WARN_CONSTANT_CONVERSION = YES;
				CLANG_WARN_DEPRECATED_OBJC_IMPLEMENTATIONS = YES;
				CLANG_WARN_DIRECT_OBJC_ISA_USAGE = YES_ERROR;
				CLANG_WARN_DOCUMENTATION_COMMENTS = YES;
				CLANG_WARN_EMPTY_BODY = YES;
				CLANG_WARN_ENUM_CONVERSION = YES;
				CLANG_WARN_INFINITE_RECURSION = YES;
				CLANG_WARN_INT_CONVERSION = YES;
				CLANG_WARN_NON_LITERAL_NULL_CONVERSION = YES;
				CLANG_WARN_OBJC_IMPLICIT_RETAIN_SELF = YES;
				CLANG_WARN_OBJC_LITERAL_CONVERSION = YES;
				CLANG_WARN_OBJC_ROOT_CLASS = YES_ERROR;
				CLANG_WARN_QUOTED_INCLUDE_IN_FRAMEWORK_HEADER = YES;
				CLANG_WARN_RANGE_LOOP_ANALYSIS = YES;
				CLANG_WARN_STRICT_PROTOTYPES = YES;
				CLANG_WARN_SUSPICIOUS_MOVE = YES;
				CLANG_WARN_UNGUARDED_AVAILABILITY = YES_AGGRESSIVE;
				CLANG_WARN_UNREACHABLE_CODE = YES;
				CLANG_WARN__DUPLICATE_METHOD_MATCH = YES;
				COPY_PHASE_STRIP = NO;
				CURRENT_PROJECT_VERSION = 1;
				DEBUG_INFORMATION_FORMAT = dwarf;
				ENABLE_STRICT_OBJC_MSGSEND = YES;
				ENABLE_TESTABILITY = YES;
				GCC_C_LANGUAGE_STANDARD = gnu11;
				GCC_DYNAMIC_NO_PIC = NO;
				GCC_NO_COMMON_BLOCKS = YES;
				GCC_OPTIMIZATION_LEVEL = 0;
				GCC_PREPROCESSOR_DEFINITIONS = (
					"DEBUG=1",
					"$(inherited)",
				);
				GCC_WARN_64_TO_32_BIT_CONVERSION = YES;
				GCC_WARN_ABOUT_RETURN_TYPE = YES_ERROR;
				GCC_WARN_UNDECLARED_SELECTOR = YES;
				GCC_WARN_UNINITIALIZED_AUTOS = YES_AGGRESSIVE;
				GCC_WARN_UNUSED_FUNCTION = YES;
				GCC_WARN_UNUSED_VARIABLE = YES;
				IPHONEOS_DEPLOYMENT_TARGET = 15.0;
				MTL_ENABLE_DEBUG_INFO = INCLUDE_SOURCE;
				MTL_FAST_MATH = YES;
				ONLY_ACTIVE_ARCH = YES;
				SDKROOT = iphoneos;
				SWIFT_ACTIVE_COMPILATION_CONDITIONS = DEBUG;
				SWIFT_OPTIMIZATION_LEVEL = "-Onone";
				VERSIONING_SYSTEM = "apple-generic";
				VERSION_INFO_PREFIX = "";
			};
			name = Debug;
		};
		B3B660E52787289300DCE420 /* Release */ = {
			isa = XCBuildConfiguration;
			buildSettings = {
				ALWAYS_SEARCH_USER_PATHS = NO;
				CLANG_ANALYZER_NONNULL = YES;
				CLANG_ANALYZER_NUMBER_OBJECT_CONVERSION = YES_AGGRESSIVE;
				CLANG_CXX_LANGUAGE_STANDARD = "gnu++17";
				CLANG_CXX_LIBRARY = "libc++";
				CLANG_ENABLE_MODULES = YES;
				CLANG_ENABLE_OBJC_ARC = YES;
				CLANG_ENABLE_OBJC_WEAK = YES;
				CLANG_WARN_BLOCK_CAPTURE_AUTORELEASING = YES;
				CLANG_WARN_BOOL_CONVERSION = YES;
				CLANG_WARN_COMMA = YES;
				CLANG_WARN_CONSTANT_CONVERSION = YES;
				CLANG_WARN_DEPRECATED_OBJC_IMPLEMENTATIONS = YES;
				CLANG_WARN_DIRECT_OBJC_ISA_USAGE = YES_ERROR;
				CLANG_WARN_DOCUMENTATION_COMMENTS = YES;
				CLANG_WARN_EMPTY_BODY = YES;
				CLANG_WARN_ENUM_CONVERSION = YES;
				CLANG_WARN_INFINITE_RECURSION = YES;
				CLANG_WARN_INT_CONVERSION = YES;
				CLANG_WARN_NON_LITERAL_NULL_CONVERSION = YES;
				CLANG_WARN_OBJC_IMPLICIT_RETAIN_SELF = YES;
				CLANG_WARN_OBJC_LITERAL_CONVERSION = YES;
				CLANG_WARN_OBJC_ROOT_CLASS = YES_ERROR;
				CLANG_WARN_QUOTED_INCLUDE_IN_FRAMEWORK_HEADER = YES;
				CLANG_WARN_RANGE_LOOP_ANALYSIS = YES;
				CLANG_WARN_STRICT_PROTOTYPES = YES;
				CLANG_WARN_SUSPICIOUS_MOVE = YES;
				CLANG_WARN_UNGUARDED_AVAILABILITY = YES_AGGRESSIVE;
				CLANG_WARN_UNREACHABLE_CODE = YES;
				CLANG_WARN__DUPLICATE_METHOD_MATCH = YES;
				COPY_PHASE_STRIP = NO;
				CURRENT_PROJECT_VERSION = 1;
				DEBUG_INFORMATION_FORMAT = "dwarf-with-dsym";
				ENABLE_NS_ASSERTIONS = NO;
				ENABLE_STRICT_OBJC_MSGSEND = YES;
				GCC_C_LANGUAGE_STANDARD = gnu11;
				GCC_NO_COMMON_BLOCKS = YES;
				GCC_WARN_64_TO_32_BIT_CONVERSION = YES;
				GCC_WARN_ABOUT_RETURN_TYPE = YES_ERROR;
				GCC_WARN_UNDECLARED_SELECTOR = YES;
				GCC_WARN_UNINITIALIZED_AUTOS = YES_AGGRESSIVE;
				GCC_WARN_UNUSED_FUNCTION = YES;
				GCC_WARN_UNUSED_VARIABLE = YES;
				IPHONEOS_DEPLOYMENT_TARGET = 15.0;
				MTL_ENABLE_DEBUG_INFO = NO;
				MTL_FAST_MATH = YES;
				SDKROOT = iphoneos;
				SWIFT_COMPILATION_MODE = wholemodule;
				SWIFT_OPTIMIZATION_LEVEL = "-O";
				VALIDATE_PRODUCT = YES;
				VERSIONING_SYSTEM = "apple-generic";
				VERSION_INFO_PREFIX = "";
			};
			name = Release;
		};
		B3B660E72787289300DCE420 /* Debug */ = {
			isa = XCBuildConfiguration;
			baseConfigurationReference = C18E9CCB648775D626848273 /* Pods-GBWebRTC.debug.xcconfig */;
			buildSettings = {
				CODE_SIGN_STYLE = Automatic;
				CURRENT_PROJECT_VERSION = 1;
				DEFINES_MODULE = YES;
				DYLIB_COMPATIBILITY_VERSION = 1;
				DYLIB_CURRENT_VERSION = 1;
				DYLIB_INSTALL_NAME_BASE = "@rpath";
				GENERATE_INFOPLIST_FILE = YES;
				INFOPLIST_KEY_NSHumanReadableCopyright = "";
				INSTALL_PATH = "$(LOCAL_LIBRARY_DIR)/Frameworks";
				LD_RUNPATH_SEARCH_PATHS = (
					"$(inherited)",
					"@executable_path/Frameworks",
					"@loader_path/Frameworks",
				);
				MARKETING_VERSION = 1.0;
				PRODUCT_BUNDLE_IDENTIFIER = com.gb.GBWebRTC;
				PRODUCT_NAME = "$(TARGET_NAME:c99extidentifier)";
				SKIP_INSTALL = YES;
				SUPPORTS_MACCATALYST = NO;
				SWIFT_EMIT_LOC_STRINGS = YES;
				SWIFT_VERSION = 5.0;
				TARGETED_DEVICE_FAMILY = "1,2";
			};
			name = Debug;
		};
		B3B660E82787289300DCE420 /* Release */ = {
			isa = XCBuildConfiguration;
			baseConfigurationReference = 2D54B40C0F41C7393B90C4DE /* Pods-GBWebRTC.release.xcconfig */;
			buildSettings = {
				CODE_SIGN_STYLE = Automatic;
				CURRENT_PROJECT_VERSION = 1;
				DEFINES_MODULE = YES;
				DYLIB_COMPATIBILITY_VERSION = 1;
				DYLIB_CURRENT_VERSION = 1;
				DYLIB_INSTALL_NAME_BASE = "@rpath";
				GENERATE_INFOPLIST_FILE = YES;
				INFOPLIST_KEY_NSHumanReadableCopyright = "";
				INSTALL_PATH = "$(LOCAL_LIBRARY_DIR)/Frameworks";
				LD_RUNPATH_SEARCH_PATHS = (
					"$(inherited)",
					"@executable_path/Frameworks",
					"@loader_path/Frameworks",
				);
				MARKETING_VERSION = 1.0;
				PRODUCT_BUNDLE_IDENTIFIER = com.gb.GBWebRTC;
				PRODUCT_NAME = "$(TARGET_NAME:c99extidentifier)";
				SKIP_INSTALL = YES;
				SUPPORTS_MACCATALYST = NO;
				SWIFT_EMIT_LOC_STRINGS = YES;
				SWIFT_VERSION = 5.0;
				TARGETED_DEVICE_FAMILY = "1,2";
			};
			name = Release;
		};
		B3B660EA2787289300DCE420 /* Debug */ = {
			isa = XCBuildConfiguration;
			baseConfigurationReference = A38F523CDC053FE50CCD01C0 /* Pods-GBWebRTC-GBWebRTCTests.debug.xcconfig */;
			buildSettings = {
				ALWAYS_EMBED_SWIFT_STANDARD_LIBRARIES = YES;
				CODE_SIGN_STYLE = Automatic;
				CURRENT_PROJECT_VERSION = 1;
				GENERATE_INFOPLIST_FILE = YES;
				LD_RUNPATH_SEARCH_PATHS = (
					"$(inherited)",
					"@executable_path/Frameworks",
					"@loader_path/Frameworks",
				);
				MARKETING_VERSION = 1.0;
				PRODUCT_BUNDLE_IDENTIFIER = com.gb.GBWebRTCTests;
				PRODUCT_NAME = "$(TARGET_NAME)";
				SWIFT_EMIT_LOC_STRINGS = NO;
				SWIFT_VERSION = 5.0;
				TARGETED_DEVICE_FAMILY = "1,2";
			};
			name = Debug;
		};
		B3B660EB2787289300DCE420 /* Release */ = {
			isa = XCBuildConfiguration;
			baseConfigurationReference = F8331CA24786DF7C893AF2C9 /* Pods-GBWebRTC-GBWebRTCTests.release.xcconfig */;
			buildSettings = {
				ALWAYS_EMBED_SWIFT_STANDARD_LIBRARIES = YES;
				CODE_SIGN_STYLE = Automatic;
				CURRENT_PROJECT_VERSION = 1;
				GENERATE_INFOPLIST_FILE = YES;
				LD_RUNPATH_SEARCH_PATHS = (
					"$(inherited)",
					"@executable_path/Frameworks",
					"@loader_path/Frameworks",
				);
				MARKETING_VERSION = 1.0;
				PRODUCT_BUNDLE_IDENTIFIER = com.gb.GBWebRTCTests;
				PRODUCT_NAME = "$(TARGET_NAME)";
				SWIFT_EMIT_LOC_STRINGS = NO;
				SWIFT_VERSION = 5.0;
				TARGETED_DEVICE_FAMILY = "1,2";
			};
			name = Release;
		};
/* End XCBuildConfiguration section */

/* Begin XCConfigurationList section */
		B3B660CC2787289300DCE420 /* Build configuration list for PBXProject "GBWebRTC" */ = {
			isa = XCConfigurationList;
			buildConfigurations = (
				B3B660E42787289300DCE420 /* Debug */,
				B3B660E52787289300DCE420 /* Release */,
			);
			defaultConfigurationIsVisible = 0;
			defaultConfigurationName = Release;
		};
		B3B660E62787289300DCE420 /* Build configuration list for PBXNativeTarget "GBWebRTC" */ = {
			isa = XCConfigurationList;
			buildConfigurations = (
				B3B660E72787289300DCE420 /* Debug */,
				B3B660E82787289300DCE420 /* Release */,
			);
			defaultConfigurationIsVisible = 0;
			defaultConfigurationName = Release;
		};
		B3B660E92787289300DCE420 /* Build configuration list for PBXNativeTarget "GBWebRTCTests" */ = {
			isa = XCConfigurationList;
			buildConfigurations = (
				B3B660EA2787289300DCE420 /* Debug */,
				B3B660EB2787289300DCE420 /* Release */,
			);
			defaultConfigurationIsVisible = 0;
			defaultConfigurationName = Release;
		};
/* End XCConfigurationList section */
	};
	rootObject = B3B660C92787289300DCE420 /* Project object */;
}
